
Microsoft Visual Studio Solution File, Format Version 12.00
# Visual Studio Version 17
VisualStudioVersion = 17.9.34701.34
MinimumVisualStudioVersion = 10.0.40219.1
Project("{FAE04EC0-301F-11D3-BF4B-00C04F79EFBC}") = "MatchingGame", "MatchingGame\MatchingGame.csproj", "{5D3B80D3-2BF4-4314-9525-97C55E485B22}"
EndProject
Global
	GlobalSection(SolutionConfigurationPlatforms) = preSolution
		Debug|Any CPU = Debug|Any CPU
		Release|Any CPU = Release|Any CPU
	EndGlobalSection
	GlobalSection(ProjectConfigurationPlatforms) = postSolution
		{5D3B80D3-2BF4-4314-9525-97C55E485B22}.Debug|Any CPU.ActiveCfg = Debug|Any CPU
		{5D3B80D3-2BF4-4314-9525-97C55E485B22}.Debug|Any CPU.Build.0 = Debug|Any CPU
		{5D3B80D3-2BF4-4314-9525-97C55E485B22}.Release|Any CPU.ActiveCfg = Release|Any CPU
		{5D3B80D3-2BF4-4314-9525-97C55E485B22}.Release|Any CPU.Build.0 = Release|Any CPU
	EndGlobalSection
	GlobalSection(SolutionProperties) = preSolution
		HideSolutionNode = FALSE
	EndGlobalSection
	GlobalSection(ExtensibilityGlobals) = postSolution
		SolutionGuid = {DA1CC1F7-3BB7-4A8F-95F3-76F3C83968C1}
	EndGlobalSection
EndGlobal
